
Microsoft Visual Studio Solution File, Format Version 12.00
# Visual Studio 15
VisualStudioVersion = 15.0.28307.102
MinimumVisualStudioVersion = 10.0.40219.1
Project("{DA7A21FA-8162-4350-AD77-A8D1B671F3ED}") = "data_analysis", "data_analysis.rxproj", "{FA2DC0B6-D202-4CD9-BED4-C18ACEFD500C}"
EndProject
Global
	GlobalSection(SolutionConfigurationPlatforms) = preSolution
		Debug|Any CPU = Debug|Any CPU
		Release|Any CPU = Release|Any CPU
	EndGlobalSection
	GlobalSection(ProjectConfigurationPlatforms) = postSolution
		{FA2DC0B6-D202-4CD9-BED4-C18ACEFD500C}.Debug|Any CPU.ActiveCfg = Debug|Any CPU
		{FA2DC0B6-D202-4CD9-BED4-C18ACEFD500C}.Debug|Any CPU.Build.0 = Debug|Any CPU
		{FA2DC0B6-D202-4CD9-BED4-C18ACEFD500C}.Release|Any CPU.ActiveCfg = Debug|Any CPU
		{FA2DC0B6-D202-4CD9-BED4-C18ACEFD500C}.Release|Any CPU.Build.0 = Debug|Any CPU
	EndGlobalSection
	GlobalSection(SolutionProperties) = preSolution
		HideSolutionNode = FALSE
	EndGlobalSection
	GlobalSection(ExtensibilityGlobals) = postSolution
		SolutionGuid = {3462DBDE-AC3B-40BF-BEAB-7D7EEA3B773F}
	EndGlobalSection
EndGlobal
